
Microsoft Visual Studio Solution File, Format Version 12.00
# Visual Studio Version 16
VisualStudioVersion = 16.0.809.10
MinimumVisualStudioVersion = 10.0.40219.1
Project("{FAE04EC0-301F-11D3-BF4B-00C04F79EFBC}") = "Frontend", "Frontend\Frontend.csproj", "{7C70F9F8-A54E-476E-9CA1-41C1BC6A3D4F}"
EndProject
Project("{FAE04EC0-301F-11D3-BF4B-00C04F79EFBC}") = "WebApi", "WebAPI\WebApi.csproj", "{02D1F316-706B-4A34-BB59-ECD6428AB461}"
EndProject
Project("{FAE04EC0-301F-11D3-BF4B-00C04F79EFBC}") = "DTO", "DTO\DTO.csproj", "{E8D2E3F5-49A5-4D83-81AA-E49DD425BD73}"
EndProject
Project("{FAE04EC0-301F-11D3-BF4B-00C04F79EFBC}") = "WebApi.Tests", "WebApi.Tests\WebApi.Tests.csproj", "{040612EF-890F-44B4-85AD-323159F5B9A8}"
EndProject
Global
	GlobalSection(SolutionConfigurationPlatforms) = preSolution
		Debug|Any CPU = Debug|Any CPU
		Release|Any CPU = Release|Any CPU
	EndGlobalSection
	GlobalSection(ProjectConfigurationPlatforms) = postSolution
		{7C70F9F8-A54E-476E-9CA1-41C1BC6A3D4F}.Debug|Any CPU.ActiveCfg = Debug|Any CPU
		{7C70F9F8-A54E-476E-9CA1-41C1BC6A3D4F}.Debug|Any CPU.Build.0 = Debug|Any CPU
		{7C70F9F8-A54E-476E-9CA1-41C1BC6A3D4F}.Release|Any CPU.ActiveCfg = Release|Any CPU
		{7C70F9F8-A54E-476E-9CA1-41C1BC6A3D4F}.Release|Any CPU.Build.0 = Release|Any CPU
		{02D1F316-706B-4A34-BB59-ECD6428AB461}.Debug|Any CPU.ActiveCfg = Debug|Any CPU
		{02D1F316-706B-4A34-BB59-ECD6428AB461}.Debug|Any CPU.Build.0 = Debug|Any CPU
		{02D1F316-706B-4A34-BB59-ECD6428AB461}.Release|Any CPU.ActiveCfg = Release|Any CPU
		{02D1F316-706B-4A34-BB59-ECD6428AB461}.Release|Any CPU.Build.0 = Release|Any CPU
		{E8D2E3F5-49A5-4D83-81AA-E49DD425BD73}.Debug|Any CPU.ActiveCfg = Debug|Any CPU
		{E8D2E3F5-49A5-4D83-81AA-E49DD425BD73}.Debug|Any CPU.Build.0 = Debug|Any CPU
		{E8D2E3F5-49A5-4D83-81AA-E49DD425BD73}.Release|Any CPU.ActiveCfg = Release|Any CPU
		{E8D2E3F5-49A5-4D83-81AA-E49DD425BD73}.Release|Any CPU.Build.0 = Release|Any CPU
		{040612EF-890F-44B4-85AD-323159F5B9A8}.Debug|Any CPU.ActiveCfg = Debug|Any CPU
		{040612EF-890F-44B4-85AD-323159F5B9A8}.Debug|Any CPU.Build.0 = Debug|Any CPU
		{040612EF-890F-44B4-85AD-323159F5B9A8}.Release|Any CPU.ActiveCfg = Release|Any CPU
		{040612EF-890F-44B4-85AD-323159F5B9A8}.Release|Any CPU.Build.0 = Release|Any CPU
	EndGlobalSection
	GlobalSection(SolutionProperties) = preSolution
		HideSolutionNode = FALSE
	EndGlobalSection
	GlobalSection(ExtensibilityGlobals) = postSolution
		SolutionGuid = {2C506189-A616-4FA8-9536-5A5F9A788ABF}
	EndGlobalSection
EndGlobal
